
Microsoft Visual Studio Solution File, Format Version 12.00
# Visual Studio Version 16
VisualStudioVersion = 16.0.31424.327
MinimumVisualStudioVersion = 10.0.40219.1
Project("{8BC9CEB8-8B4A-11D0-8D11-00A0C91BC942}") = "Sorts_ON2", "Sorts_ON2\Sorts_ON2.vcxproj", "{581D6E5A-9F5B-4B1A-8BB0-FD165DDA78EF}"
EndProject
Project("{8BC9CEB8-8B4A-11D0-8D11-00A0C91BC942}") = "Sorts_ONlogN", "Sorts_ONlogN\Sorts_ONlogN.vcxproj", "{7D12DEC3-18F3-4977-B410-BA9227184463}"
EndProject
Project("{8BC9CEB8-8B4A-11D0-8D11-00A0C91BC942}") = "Sorts_faster_than_ONlogN", "Sorts_faster_than_ONlogN\Sorts_faster_than_ONlogN.vcxproj", "{2BC2EC1B-52C1-477A-B33E-C3B193E910C1}"
EndProject
Project("{8BC9CEB8-8B4A-11D0-8D11-00A0C91BC942}") = "Sorts_to_learn_on", "Sorts_to_learn_on\Sorts_to_learn_on.vcxproj", "{377B0074-C4F5-47C4-9241-F764F7789D3A}"
EndProject
Global
	GlobalSection(SolutionConfigurationPlatforms) = preSolution
		Debug|x64 = Debug|x64
		Debug|x86 = Debug|x86
		Release|x64 = Release|x64
		Release|x86 = Release|x86
	EndGlobalSection
	GlobalSection(ProjectConfigurationPlatforms) = postSolution
		{581D6E5A-9F5B-4B1A-8BB0-FD165DDA78EF}.Debug|x64.ActiveCfg = Debug|x64
		{581D6E5A-9F5B-4B1A-8BB0-FD165DDA78EF}.Debug|x64.Build.0 = Debug|x64
		{581D6E5A-9F5B-4B1A-8BB0-FD165DDA78EF}.Debug|x86.ActiveCfg = Debug|Win32
		{581D6E5A-9F5B-4B1A-8BB0-FD165DDA78EF}.Debug|x86.Build.0 = Debug|Win32
		{581D6E5A-9F5B-4B1A-8BB0-FD165DDA78EF}.Release|x64.ActiveCfg = Release|x64
		{581D6E5A-9F5B-4B1A-8BB0-FD165DDA78EF}.Release|x64.Build.0 = Release|x64
		{581D6E5A-9F5B-4B1A-8BB0-FD165DDA78EF}.Release|x86.ActiveCfg = Release|Win32
		{581D6E5A-9F5B-4B1A-8BB0-FD165DDA78EF}.Release|x86.Build.0 = Release|Win32
		{7D12DEC3-18F3-4977-B410-BA9227184463}.Debug|x64.ActiveCfg = Debug|x64
		{7D12DEC3-18F3-4977-B410-BA9227184463}.Debug|x64.Build.0 = Debug|x64
		{7D12DEC3-18F3-4977-B410-BA9227184463}.Debug|x86.ActiveCfg = Debug|Win32
		{7D12DEC3-18F3-4977-B410-BA9227184463}.Debug|x86.Build.0 = Debug|Win32
		{7D12DEC3-18F3-4977-B410-BA9227184463}.Release|x64.ActiveCfg = Release|x64
		{7D12DEC3-18F3-4977-B410-BA9227184463}.Release|x64.Build.0 = Release|x64
		{7D12DEC3-18F3-4977-B410-BA9227184463}.Release|x86.ActiveCfg = Release|Win32
		{7D12DEC3-18F3-4977-B410-BA9227184463}.Release|x86.Build.0 = Release|Win32
		{2BC2EC1B-52C1-477A-B33E-C3B193E910C1}.Debug|x64.ActiveCfg = Debug|x64
		{2BC2EC1B-52C1-477A-B33E-C3B193E910C1}.Debug|x64.Build.0 = Debug|x64
		{2BC2EC1B-52C1-477A-B33E-C3B193E910C1}.Debug|x86.ActiveCfg = Debug|Win32
		{2BC2EC1B-52C1-477A-B33E-C3B193E910C1}.Debug|x86.Build.0 = Debug|Win32
		{2BC2EC1B-52C1-477A-B33E-C3B193E910C1}.Release|x64.ActiveCfg = Release|x64
		{2BC2EC1B-52C1-477A-B33E-C3B193E910C1}.Release|x64.Build.0 = Release|x64
		{2BC2EC1B-52C1-477A-B33E-C3B193E910C1}.Release|x86.ActiveCfg = Release|Win32
		{2BC2EC1B-52C1-477A-B33E-C3B193E910C1}.Release|x86.Build.0 = Release|Win32
		{377B0074-C4F5-47C4-9241-F764F7789D3A}.Debug|x64.ActiveCfg = Debug|x64
		{377B0074-C4F5-47C4-9241-F764F7789D3A}.Debug|x64.Build.0 = Debug|x64
		{377B0074-C4F5-47C4-9241-F764F7789D3A}.Debug|x86.ActiveCfg = Debug|Win32
		{377B0074-C4F5-47C4-9241-F764F7789D3A}.Debug|x86.Build.0 = Debug|Win32
		{377B0074-C4F5-47C4-9241-F764F7789D3A}.Release|x64.ActiveCfg = Release|x64
		{377B0074-C4F5-47C4-9241-F764F7789D3A}.Release|x64.Build.0 = Release|x64
		{377B0074-C4F5-47C4-9241-F764F7789D3A}.Release|x86.ActiveCfg = Release|Win32
		{377B0074-C4F5-47C4-9241-F764F7789D3A}.Release|x86.Build.0 = Release|Win32
	EndGlobalSection
	GlobalSection(SolutionProperties) = preSolution
		HideSolutionNode = FALSE
	EndGlobalSection
	GlobalSection(ExtensibilityGlobals) = postSolution
		SolutionGuid = {9132C1F3-7782-439B-A79C-9B3BA985185A}
	EndGlobalSection
EndGlobal
